
Microsoft Visual Studio Solution File, Format Version 12.00
# Visual Studio Version 17
VisualStudioVersion = 17.5.002.0
MinimumVisualStudioVersion = 10.0.40219.1
Project("{9A19103F-16F7-4668-BE54-9A1E7A4F7556}") = "fido2server", "fido2server\fido2server.csproj", "{97B863DC-FCC2-4F65-A2FB-7643D8B64B95}"
EndProject
Global
	GlobalSection(SolutionConfigurationPlatforms) = preSolution
		Debug|Any CPU = Debug|Any CPU
		Release|Any CPU = Release|Any CPU
	EndGlobalSection
	GlobalSection(ProjectConfigurationPlatforms) = postSolution
		{97B863DC-FCC2-4F65-A2FB-7643D8B64B95}.Debug|Any CPU.ActiveCfg = Debug|Any CPU
		{97B863DC-FCC2-4F65-A2FB-7643D8B64B95}.Debug|Any CPU.Build.0 = Debug|Any CPU
		{97B863DC-FCC2-4F65-A2FB-7643D8B64B95}.Release|Any CPU.ActiveCfg = Release|Any CPU
		{97B863DC-FCC2-4F65-A2FB-7643D8B64B95}.Release|Any CPU.Build.0 = Release|Any CPU
	EndGlobalSection
	GlobalSection(SolutionProperties) = preSolution
		HideSolutionNode = FALSE
	EndGlobalSection
	GlobalSection(ExtensibilityGlobals) = postSolution
		SolutionGuid = {ACBA08C1-F149-4CDF-AC7B-5D9397CAF9A3}
	EndGlobalSection
EndGlobal
